// !$*UTF8*$!
{
	archiveVersion = 1;
	classes = {
	};
	objectVersion = 56;
	objects = {

/* Begin PBXBuildFile section */
		27CA1F222919786700A795BA /* AppleMusicMVVMSwiftUIApp.swift in Sources */ = {isa = PBXBuildFile; fileRef = 27CA1F212919786700A795BA /* AppleMusicMVVMSwiftUIApp.swift */; };
		27CA1F242919786700A795BA /* ContentView.swift in Sources */ = {isa = PBXBuildFile; fileRef = 27CA1F232919786700A795BA /* ContentView.swift */; };
		27CA1F262919786800A795BA /* Assets.xcassets in Resources */ = {isa = PBXBuildFile; fileRef = 27CA1F252919786800A795BA /* Assets.xcassets */; };
		27CA1F292919786800A795BA /* Preview Assets.xcassets in Resources */ = {isa = PBXBuildFile; fileRef = 27CA1F282919786800A795BA /* Preview Assets.xcassets */; };
		27CA1F332919786800A795BA /* AppleMusicMVVMSwiftUITests.swift in Sources */ = {isa = PBXBuildFile; fileRef = 27CA1F322919786800A795BA /* AppleMusicMVVMSwiftUITests.swift */; };
		27CA1F3D2919786800A795BA /* AppleMusicMVVMSwiftUIUITests.swift in Sources */ = {isa = PBXBuildFile; fileRef = 27CA1F3C2919786800A795BA /* AppleMusicMVVMSwiftUIUITests.swift */; };
		27CA1F3F2919786800A795BA /* AppleMusicMVVMSwiftUIUITestsLaunchTests.swift in Sources */ = {isa = PBXBuildFile; fileRef = 27CA1F3E2919786800A795BA /* AppleMusicMVVMSwiftUIUITestsLaunchTests.swift */; };
/* End PBXBuildFile section */

/* Begin PBXContainerItemProxy section */
		27CA1F2F2919786800A795BA /* PBXContainerItemProxy */ = {
			isa = PBXContainerItemProxy;
			containerPortal = 27CA1F162919786700A795BA /* Project object */;
			proxyType = 1;
			remoteGlobalIDString = 27CA1F1D2919786700A795BA;
			remoteInfo = AppleMusicMVVMSwiftUI;
		};
		27CA1F392919786800A795BA /* PBXContainerItemProxy */ = {
			isa = PBXContainerItemProxy;
			containerPortal = 27CA1F162919786700A795BA /* Project object */;
			proxyType = 1;
			remoteGlobalIDString = 27CA1F1D2919786700A795BA;
			remoteInfo = AppleMusicMVVMSwiftUI;
		};
/* End PBXContainerItemProxy section */

/* Begin PBXFileReference section */
		27CA1F1E2919786700A795BA /* AppleMusicMVVMSwiftUI.app */ = {isa = PBXFileReference; explicitFileType = wrapper.application; includeInIndex = 0; path = AppleMusicMVVMSwiftUI.app; sourceTree = BUILT_PRODUCTS_DIR; };
		27CA1F212919786700A795BA /* AppleMusicMVVMSwiftUIApp.swift */ = {isa = PBXFileReference; lastKnownFileType = sourcecode.swift; path = AppleMusicMVVMSwiftUIApp.swift; sourceTree = "<group>"; };
		27CA1F232919786700A795BA /* ContentView.swift */ = {isa = PBXFileReference; lastKnownFileType = sourcecode.swift; path = ContentView.swift; sourceTree = "<group>"; };
		27CA1F252919786800A795BA /* Assets.xcassets */ = {isa = PBXFileReference; lastKnownFileType = folder.assetcatalog; path = Assets.xcassets; sourceTree = "<group>"; };
		27CA1F282919786800A795BA /* Preview Assets.xcassets */ = {isa = PBXFileReference; lastKnownFileType = folder.assetcatalog; path = "Preview Assets.xcassets"; sourceTree = "<group>"; };
		27CA1F2E2919786800A795BA /* AppleMusicMVVMSwiftUITests.xctest */ = {isa = PBXFileReference; explicitFileType = wrapper.cfbundle; includeInIndex = 0; path = AppleMusicMVVMSwiftUITests.xctest; sourceTree = BUILT_PRODUCTS_DIR; };
		27CA1F322919786800A795BA /* AppleMusicMVVMSwiftUITests.swift */ = {isa = PBXFileReference; lastKnownFileType = sourcecode.swift; path = AppleMusicMVVMSwiftUITests.swift; sourceTree = "<group>"; };
		27CA1F382919786800A795BA /* AppleMusicMVVMSwiftUIUITests.xctest */ = {isa = PBXFileReference; explicitFileType = wrapper.cfbundle; includeInIndex = 0; path = AppleMusicMVVMSwiftUIUITests.xctest; sourceTree = BUILT_PRODUCTS_DIR; };
		27CA1F3C2919786800A795BA /* AppleMusicMVVMSwiftUIUITests.swift */ = {isa = PBXFileReference; lastKnownFileType = sourcecode.swift; path = AppleMusicMVVMSwiftUIUITests.swift; sourceTree = "<group>"; };
		27CA1F3E2919786800A795BA /* AppleMusicMVVMSwiftUIUITestsLaunchTests.swift */ = {isa = PBXFileReference; lastKnownFileType = sourcecode.swift; path = AppleMusicMVVMSwiftUIUITestsLaunchTests.swift; sourceTree = "<group>"; };
/* End PBXFileReference section */

/* Begin PBXFrameworksBuildPhase section */
		27CA1F1B2919786700A795BA /* Frameworks */ = {
			isa = PBXFrameworksBuildPhase;
			buildActionMask = 2147483647;
			files = (
			);
			runOnlyForDeploymentPostprocessing = 0;
		};
		27CA1F2B2919786800A795BA /* Frameworks */ = {
			isa = PBXFrameworksBuildPhase;
			buildActionMask = 2147483647;
			files = (
			);
			runOnlyForDeploymentPostprocessing = 0;
		};
		27CA1F352919786800A795BA /* Frameworks */ = {
			isa = PBXFrameworksBuildPhase;
			buildActionMask = 2147483647;
			files = (
			);
			runOnlyForDeploymentPostprocessing = 0;
		};
/* End PBXFrameworksBuildPhase section */

/* Begin PBXGroup section */
		27CA1F152919786700A795BA = {
			isa = PBXGroup;
			children = (
				27CA1F202919786700A795BA /* AppleMusicMVVMSwiftUI */,
				27CA1F312919786800A795BA /* AppleMusicMVVMSwiftUITests */,
				27CA1F3B2919786800A795BA /* AppleMusicMVVMSwiftUIUITests */,
				27CA1F1F2919786700A795BA /* Products */,
			);
			sourceTree = "<group>";
		};
		27CA1F1F2919786700A795BA /* Products */ = {
			isa = PBXGroup;
			children = (
				27CA1F1E2919786700A795BA /* AppleMusicMVVMSwiftUI.app */,
				27CA1F2E2919786800A795BA /* AppleMusicMVVMSwiftUITests.xctest */,
				27CA1F382919786800A795BA /* AppleMusicMVVMSwiftUIUITests.xctest */,
			);
			name = Products;
			sourceTree = "<group>";
		};
		27CA1F202919786700A795BA /* AppleMusicMVVMSwiftUI */ = {
			isa = PBXGroup;
			children = (
				27CA1F212919786700A795BA /* AppleMusicMVVMSwiftUIApp.swift */,
				27CA1F232919786700A795BA /* ContentView.swift */,
				27CA1F252919786800A795BA /* Assets.xcassets */,
				27CA1F272919786800A795BA /* Preview Content */,
			);
			path = AppleMusicMVVMSwiftUI;
			sourceTree = "<group>";
		};
		27CA1F272919786800A795BA /* Preview Content */ = {
			isa = PBXGroup;
			children = (
				27CA1F282919786800A795BA /* Preview Assets.xcassets */,
			);
			path = "Preview Content";
			sourceTree = "<group>";
		};
		27CA1F312919786800A795BA /* AppleMusicMVVMSwiftUITests */ = {
			isa = PBXGroup;
			children = (
				27CA1F322919786800A795BA /* AppleMusicMVVMSwiftUITests.swift */,
			);
			path = AppleMusicMVVMSwiftUITests;
			sourceTree = "<group>";
		};
		27CA1F3B2919786800A795BA /* AppleMusicMVVMSwiftUIUITests */ = {
			isa = PBXGroup;
			children = (
				27CA1F3C2919786800A795BA /* AppleMusicMVVMSwiftUIUITests.swift */,
				27CA1F3E2919786800A795BA /* AppleMusicMVVMSwiftUIUITestsLaunchTests.swift */,
			);
			path = AppleMusicMVVMSwiftUIUITests;
			sourceTree = "<group>";
		};
/* End PBXGroup section */

/* Begin PBXNativeTarget section */
		27CA1F1D2919786700A795BA /* AppleMusicMVVMSwiftUI */ = {
			isa = PBXNativeTarget;
			buildConfigurationList = 27CA1F422919786800A795BA /* Build configuration list for PBXNativeTarget "AppleMusicMVVMSwiftUI" */;
			buildPhases = (
				27CA1F1A2919786700A795BA /* Sources */,
				27CA1F1B2919786700A795BA /* Frameworks */,
				27CA1F1C2919786700A795BA /* Resources */,
			);
			buildRules = (
			);
			dependencies = (
			);
			name = AppleMusicMVVMSwiftUI;
			productName = AppleMusicMVVMSwiftUI;
			productReference = 27CA1F1E2919786700A795BA /* AppleMusicMVVMSwiftUI.app */;
			productType = "com.apple.product-type.application";
		};
		27CA1F2D2919786800A795BA /* AppleMusicMVVMSwiftUITests */ = {
			isa = PBXNativeTarget;
			buildConfigurationList = 27CA1F452919786800A795BA /* Build configuration list for PBXNativeTarget "AppleMusicMVVMSwiftUITests" */;
			buildPhases = (
				27CA1F2A2919786800A795BA /* Sources */,
				27CA1F2B2919786800A795BA /* Frameworks */,
				27CA1F2C2919786800A795BA /* Resources */,
			);
			buildRules = (
			);
			dependencies = (
				27CA1F302919786800A795BA /* PBXTargetDependency */,
			);
			name = AppleMusicMVVMSwiftUITests;
			productName = AppleMusicMVVMSwiftUITests;
			productReference = 27CA1F2E2919786800A795BA /* AppleMusicMVVMSwiftUITests.xctest */;
			productType = "com.apple.product-type.bundle.unit-test";
		};
		27CA1F372919786800A795BA /* AppleMusicMVVMSwiftUIUITests */ = {
			isa = PBXNativeTarget;
			buildConfigurationList = 27CA1F482919786800A795BA /* Build configuration list for PBXNativeTarget "AppleMusicMVVMSwiftUIUITests" */;
			buildPhases = (
				27CA1F342919786800A795BA /* Sources */,
				27CA1F352919786800A795BA /* Frameworks */,
				27CA1F362919786800A795BA /* Resources */,
			);
			buildRules = (
			);
			dependencies = (
				27CA1F3A2919786800A795BA /* PBXTargetDependency */,
			);
			name = AppleMusicMVVMSwiftUIUITests;
			productName = AppleMusicMVVMSwiftUIUITests;
			productReference = 27CA1F382919786800A795BA /* AppleMusicMVVMSwiftUIUITests.xctest */;
			productType = "com.apple.product-type.bundle.ui-testing";
		};
/* End PBXNativeTarget section */

/* Begin PBXProject section */
		27CA1F162919786700A795BA /* Project object */ = {
			isa = PBXProject;
			attributes = {
				BuildIndependentTargetsInParallel = 1;
				LastSwiftUpdateCheck = 1400;
				LastUpgradeCheck = 1400;
				TargetAttributes = {
					27CA1F1D2919786700A795BA = {
						CreatedOnToolsVersion = 14.0;
					};
					27CA1F2D2919786800A795BA = {
						CreatedOnToolsVersion = 14.0;
						TestTargetID = 27CA1F1D2919786700A795BA;
					};
					27CA1F372919786800A795BA = {
						CreatedOnToolsVersion = 14.0;
						TestTargetID = 27CA1F1D2919786700A795BA;
					};
				};
			};
			buildConfigurationList = 27CA1F192919786700A795BA /* Build configuration list for PBXProject "AppleMusicMVVMSwiftUI" */;
			compatibilityVersion = "Xcode 14.0";
			developmentRegion = en;
			hasScannedForEncodings = 0;
			knownRegions = (
				en,
				Base,
			);
			mainGroup = 27CA1F152919786700A795BA;
			productRefGroup = 27CA1F1F2919786700A795BA /* Products */;
			projectDirPath = "";
			projectRoot = "";
			targets = (
				27CA1F1D2919786700A795BA /* AppleMusicMVVMSwiftUI */,
				27CA1F2D2919786800A795BA /* AppleMusicMVVMSwiftUITests */,
				27CA1F372919786800A795BA /* AppleMusicMVVMSwiftUIUITests */,
			);
		};
/* End PBXProject section */

/* Begin PBXResourcesBuildPhase section */
		27CA1F1C2919786700A795BA /* Resources */ = {
			isa = PBXResourcesBuildPhase;
			buildActionMask = 2147483647;
			files = (
				27CA1F292919786800A795BA /* Preview Assets.xcassets in Resources */,
				27CA1F262919786800A795BA /* Assets.xcassets in Resources */,
			);
			runOnlyForDeploymentPostprocessing = 0;
		};
		27CA1F2C2919786800A795BA /* Resources */ = {
			isa = PBXResourcesBuildPhase;
			buildActionMask = 2147483647;
			files = (
			);
			runOnlyForDeploymentPostprocessing = 0;
		};
		27CA1F362919786800A795BA /* Resources */ = {
			isa = PBXResourcesBuildPhase;
			buildActionMask = 2147483647;
			files = (
			);
			runOnlyForDeploymentPostprocessing = 0;
		};
/* End PBXResourcesBuildPhase section */

/* Begin PBXSourcesBuildPhase section */
		27CA1F1A2919786700A795BA /* Sources */ = {
			isa = PBXSourcesBuildPhase;
			buildActionMask = 2147483647;
			files = (
				27CA1F242919786700A795BA /* ContentView.swift in Sources */,
				27CA1F222919786700A795BA /* AppleMusicMVVMSwiftUIApp.swift in Sources */,
			);
			runOnlyForDeploymentPostprocessing = 0;
		};
		27CA1F2A2919786800A795BA /* Sources */ = {
			isa = PBXSourcesBuildPhase;
			buildActionMask = 2147483647;
			files = (
				27CA1F332919786800A795BA /* AppleMusicMVVMSwiftUITests.swift in Sources */,
			);
			runOnlyForDeploymentPostprocessing = 0;
		};
		27CA1F342919786800A795BA /* Sources */ = {
			isa = PBXSourcesBuildPhase;
			buildActionMask = 2147483647;
			files = (
				27CA1F3D2919786800A795BA /* AppleMusicMVVMSwiftUIUITests.swift in Sources */,
				27CA1F3F2919786800A795BA /* AppleMusicMVVMSwiftUIUITestsLaunchTests.swift in Sources */,
			);
			runOnlyForDeploymentPostprocessing = 0;
		};
/* End PBXSourcesBuildPhase section */

/* Begin PBXTargetDependency section */
		27CA1F302919786800A795BA /* PBXTargetDependency */ = {
			isa = PBXTargetDependency;
			target = 27CA1F1D2919786700A795BA /* AppleMusicMVVMSwiftUI */;
			targetProxy = 27CA1F2F2919786800A795BA /* PBXContainerItemProxy */;
		};
		27CA1F3A2919786800A795BA /* PBXTargetDependency */ = {
			isa = PBXTargetDependency;
			target = 27CA1F1D2919786700A795BA /* AppleMusicMVVMSwiftUI */;
			targetProxy = 27CA1F392919786800A795BA /* PBXContainerItemProxy */;
		};
/* End PBXTargetDependency section */

/* Begin XCBuildConfiguration section */
		27CA1F402919786800A795BA /* Debug */ = {
			isa = XCBuildConfiguration;
			buildSettings = {
				ALWAYS_SEARCH_USER_PATHS = NO;
				CLANG_ANALYZER_NONNULL = YES;
				CLANG_ANALYZER_NUMBER_OBJECT_CONVERSION = YES_AGGRESSIVE;
				CLANG_CXX_LANGUAGE_STANDARD = "gnu++20";
				CLANG_ENABLE_MODULES = YES;
				CLANG_ENABLE_OBJC_ARC = YES;
				CLANG_ENABLE_OBJC_WEAK = YES;
				CLANG_WARN_BLOCK_CAPTURE_AUTORELEASING = YES;
				CLANG_WARN_BOOL_CONVERSION = YES;
				CLANG_WARN_COMMA = YES;
				CLANG_WARN_CONSTANT_CONVERSION = YES;
				CLANG_WARN_DEPRECATED_OBJC_IMPLEMENTATIONS = YES;
				CLANG_WARN_DIRECT_OBJC_ISA_USAGE = YES_ERROR;
				CLANG_WARN_DOCUMENTATION_COMMENTS = YES;
				CLANG_WARN_EMPTY_BODY = YES;
				CLANG_WARN_ENUM_CONVERSION = YES;
				CLANG_WARN_INFINITE_RECURSION = YES;
				CLANG_WARN_INT_CONVERSION = YES;
				CLANG_WARN_NON_LITERAL_NULL_CONVERSION = YES;
				CLANG_WARN_OBJC_IMPLICIT_RETAIN_SELF = YES;
				CLANG_WARN_OBJC_LITERAL_CONVERSION = YES;
				CLANG_WARN_OBJC_ROOT_CLASS = YES_ERROR;
				CLANG_WARN_QUOTED_INCLUDE_IN_FRAMEWORK_HEADER = YES;
				CLANG_WARN_RANGE_LOOP_ANALYSIS = YES;
				CLANG_WARN_STRICT_PROTOTYPES = YES;
				CLANG_WARN_SUSPICIOUS_MOVE = YES;
				CLANG_WARN_UNGUARDED_AVAILABILITY = YES_AGGRESSIVE;
				CLANG_WARN_UNREACHABLE_CODE = YES;
				CLANG_WARN__DUPLICATE_METHOD_MATCH = YES;
				COPY_PHASE_STRIP = NO;
				DEBUG_INFORMATION_FORMAT = dwarf;
				ENABLE_STRICT_OBJC_MSGSEND = YES;
				ENABLE_TESTABILITY = YES;
				GCC_C_LANGUAGE_STANDARD = gnu11;
				GCC_DYNAMIC_NO_PIC = NO;
				GCC_NO_COMMON_BLOCKS = YES;
				GCC_OPTIMIZATION_LEVEL = 0;
				GCC_PREPROCESSOR_DEFINITIONS = (
					"DEBUG=1",
					"$(inherited)",
				);
				GCC_WARN_64_TO_32_BIT_CONVERSION = YES;
				GCC_WARN_ABOUT_RETURN_TYPE = YES_ERROR;
				GCC_WARN_UNDECLARED_SELECTOR = YES;
				GCC_WARN_UNINITIALIZED_AUTOS = YES_AGGRESSIVE;
				GCC_WARN_UNUSED_FUNCTION = YES;
				GCC_WARN_UNUSED_VARIABLE = YES;
				IPHONEOS_DEPLOYMENT_TARGET = 16.0;
				MTL_ENABLE_DEBUG_INFO = INCLUDE_SOURCE;
				MTL_FAST_MATH = YES;
				ONLY_ACTIVE_ARCH = YES;
				SDKROOT = iphoneos;
				SWIFT_ACTIVE_COMPILATION_CONDITIONS = DEBUG;
				SWIFT_OPTIMIZATION_LEVEL = "-Onone";
			};
			name = Debug;
		};
		27CA1F412919786800A795BA /* Release */ = {
			isa = XCBuildConfiguration;
			buildSettings = {
				ALWAYS_SEARCH_USER_PATHS = NO;
				CLANG_ANALYZER_NONNULL = YES;
				CLANG_ANALYZER_NUMBER_OBJECT_CONVERSION = YES_AGGRESSIVE;
				CLANG_CXX_LANGUAGE_STANDARD = "gnu++20";
				CLANG_ENABLE_MODULES = YES;
				CLANG_ENABLE_OBJC_ARC = YES;
				CLANG_ENABLE_OBJC_WEAK = YES;
				CLANG_WARN_BLOCK_CAPTURE_AUTORELEASING = YES;
				CLANG_WARN_BOOL_CONVERSION = YES;
				CLANG_WARN_COMMA = YES;
				CLANG_WARN_CONSTANT_CONVERSION = YES;
				CLANG_WARN_DEPRECATED_OBJC_IMPLEMENTATIONS = YES;
				CLANG_WARN_DIRECT_OBJC_ISA_USAGE = YES_ERROR;
				CLANG_WARN_DOCUMENTATION_COMMENTS = YES;
				CLANG_WARN_EMPTY_BODY = YES;
				CLANG_WARN_ENUM_CONVERSION = YES;
				CLANG_WARN_INFINITE_RECURSION = YES;
				CLANG_WARN_INT_CONVERSION = YES;
				CLANG_WARN_NON_LITERAL_NULL_CONVERSION = YES;
				CLANG_WARN_OBJC_IMPLICIT_RETAIN_SELF = YES;
				CLANG_WARN_OBJC_LITERAL_CONVERSION = YES;
				CLANG_WARN_OBJC_ROOT_CLASS = YES_ERROR;
				CLANG_WARN_QUOTED_INCLUDE_IN_FRAMEWORK_HEADER = YES;
				CLANG_WARN_RANGE_LOOP_ANALYSIS = YES;
				CLANG_WARN_STRICT_PROTOTYPES = YES;
				CLANG_WARN_SUSPICIOUS_MOVE = YES;
				CLANG_WARN_UNGUARDED_AVAILABILITY = YES_AGGRESSIVE;
				CLANG_WARN_UNREACHABLE_CODE = YES;
				CLANG_WARN__DUPLICATE_METHOD_MATCH = YES;
				COPY_PHASE_STRIP = NO;
				DEBUG_INFORMATION_FORMAT = "dwarf-with-dsym";
				ENABLE_NS_ASSERTIONS = NO;
				ENABLE_STRICT_OBJC_MSGSEND = YES;
				GCC_C_LANGUAGE_STANDARD = gnu11;
				GCC_NO_COMMON_BLOCKS = YES;
				GCC_WARN_64_TO_32_BIT_CONVERSION = YES;
				GCC_WARN_ABOUT_RETURN_TYPE = YES_ERROR;
				GCC_WARN_UNDECLARED_SELECTOR = YES;
				GCC_WARN_UNINITIALIZED_AUTOS = YES_AGGRESSIVE;
				GCC_WARN_UNUSED_FUNCTION = YES;
				GCC_WARN_UNUSED_VARIABLE = YES;
				IPHONEOS_DEPLOYMENT_TARGET = 16.0;
				MTL_ENABLE_DEBUG_INFO = NO;
				MTL_FAST_MATH = YES;
				SDKROOT = iphoneos;
				SWIFT_COMPILATION_MODE = wholemodule;
				SWIFT_OPTIMIZATION_LEVEL = "-O";
				VALIDATE_PRODUCT = YES;
			};
			name = Release;
		};
		27CA1F432919786800A795BA /* Debug */ = {
			isa = XCBuildConfiguration;
			buildSettings = {
				ASSETCATALOG_COMPILER_APPICON_NAME = AppIcon;
				ASSETCATALOG_COMPILER_GLOBAL_ACCENT_COLOR_NAME = AccentColor;
				CODE_SIGN_STYLE = Automatic;
				CURRENT_PROJECT_VERSION = 1;
				DEVELOPMENT_ASSET_PATHS = "\"AppleMusicMVVMSwiftUI/Preview Content\"";
				DEVELOPMENT_TEAM = 87ZRJ8XRRM;
				ENABLE_PREVIEWS = YES;
				GENERATE_INFOPLIST_FILE = YES;
				INFOPLIST_KEY_UIApplicationSceneManifest_Generation = YES;
				INFOPLIST_KEY_UIApplicationSupportsIndirectInputEvents = YES;
				INFOPLIST_KEY_UILaunchScreen_Generation = YES;
				INFOPLIST_KEY_UISupportedInterfaceOrientations_iPad = "UIInterfaceOrientationPortrait UIInterfaceOrientationPortraitUpsideDown UIInterfaceOrientationLandscapeLeft UIInterfaceOrientationLandscapeRight";
				INFOPLIST_KEY_UISupportedInterfaceOrientations_iPhone = "UIInterfaceOrientationPortrait UIInterfaceOrientationLandscapeLeft UIInterfaceOrientationLandscapeRight";
				LD_RUNPATH_SEARCH_PATHS = (
					"$(inherited)",
					"@executable_path/Frameworks",
				);
				MARKETING_VERSION = 1.0;
				PRODUCT_BUNDLE_IDENTIFIER = com.example.AppleMusicMVVMSwiftUI;
				PRODUCT_NAME = "$(TARGET_NAME)";
				SWIFT_EMIT_LOC_STRINGS = YES;
				SWIFT_VERSION = 5.0;
				TARGETED_DEVICE_FAMILY = "1,2";
			};
			name = Debug;
		};
		27CA1F442919786800A795BA /* Release */ = {
			isa = XCBuildConfiguration;
			buildSettings = {
				ASSETCATALOG_COMPILER_APPICON_NAME = AppIcon;
				ASSETCATALOG_COMPILER_GLOBAL_ACCENT_COLOR_NAME = AccentColor;
				CODE_SIGN_STYLE = Automatic;
				CURRENT_PROJECT_VERSION = 1;
				DEVELOPMENT_ASSET_PATHS = "\"AppleMusicMVVMSwiftUI/Preview Content\"";
				DEVELOPMENT_TEAM = 87ZRJ8XRRM;
				ENABLE_PREVIEWS = YES;
				GENERATE_INFOPLIST_FILE = YES;
				INFOPLIST_KEY_UIApplicationSceneManifest_Generation = YES;
				INFOPLIST_KEY_UIApplicationSupportsIndirectInputEvents = YES;
				INFOPLIST_KEY_UILaunchScreen_Generation = YES;
				INFOPLIST_KEY_UISupportedInterfaceOrientations_iPad = "UIInterfaceOrientationPortrait UIInterfaceOrientationPortraitUpsideDown UIInterfaceOrientationLandscapeLeft UIInterfaceOrientationLandscapeRight";
				INFOPLIST_KEY_UISupportedInterfaceOrientations_iPhone = "UIInterfaceOrientationPortrait UIInterfaceOrientationLandscapeLeft UIInterfaceOrientationLandscapeRight";
				LD_RUNPATH_SEARCH_PATHS = (
					"$(inherited)",
					"@executable_path/Frameworks",
				);
				MARKETING_VERSION = 1.0;
				PRODUCT_BUNDLE_IDENTIFIER = com.example.AppleMusicMVVMSwiftUI;
				PRODUCT_NAME = "$(TARGET_NAME)";
				SWIFT_EMIT_LOC_STRINGS = YES;
				SWIFT_VERSION = 5.0;
				TARGETED_DEVICE_FAMILY = "1,2";
			};
			name = Release;
		};
		27CA1F462919786800A795BA /* Debug */ = {
			isa = XCBuildConfiguration;
			buildSettings = {
				ALWAYS_EMBED_SWIFT_STANDARD_LIBRARIES = YES;
				BUNDLE_LOADER = "$(TEST_HOST)";
				CODE_SIGN_STYLE = Automatic;
				CURRENT_PROJECT_VERSION = 1;
				DEVELOPMENT_TEAM = 87ZRJ8XRRM;
				GENERATE_INFOPLIST_FILE = YES;
				IPHONEOS_DEPLOYMENT_TARGET = 16.0;
				MARKETING_VERSION = 1.0;
				PRODUCT_BUNDLE_IDENTIFIER = com.example.AppleMusicMVVMSwiftUITests;
				PRODUCT_NAME = "$(TARGET_NAME)";
				SWIFT_EMIT_LOC_STRINGS = NO;
				SWIFT_VERSION = 5.0;
				TARGETED_DEVICE_FAMILY = "1,2";
				TEST_HOST = "$(BUILT_PRODUCTS_DIR)/AppleMusicMVVMSwiftUI.app/$(BUNDLE_EXECUTABLE_FOLDER_PATH)/AppleMusicMVVMSwiftUI";
			};
			name = Debug;
		};
		27CA1F472919786800A795BA /* Release */ = {
			isa = XCBuildConfiguration;
			buildSettings = {
				ALWAYS_EMBED_SWIFT_STANDARD_LIBRARIES = YES;
				BUNDLE_LOADER = "$(TEST_HOST)";
				CODE_SIGN_STYLE = Automatic;
				CURRENT_PROJECT_VERSION = 1;
				DEVELOPMENT_TEAM = 87ZRJ8XRRM;
				GENERATE_INFOPLIST_FILE = YES;
				IPHONEOS_DEPLOYMENT_TARGET = 16.0;
				MARKETING_VERSION = 1.0;
				PRODUCT_BUNDLE_IDENTIFIER = com.example.AppleMusicMVVMSwiftUITests;
				PRODUCT_NAME = "$(TARGET_NAME)";
				SWIFT_EMIT_LOC_STRINGS = NO;
				SWIFT_VERSION = 5.0;
				TARGETED_DEVICE_FAMILY = "1,2";
				TEST_HOST = "$(BUILT_PRODUCTS_DIR)/AppleMusicMVVMSwiftUI.app/$(BUNDLE_EXECUTABLE_FOLDER_PATH)/AppleMusicMVVMSwiftUI";
			};
			name = Release;
		};
		27CA1F492919786800A795BA /* Debug */ = {
			isa = XCBuildConfiguration;
			buildSettings = {
				ALWAYS_EMBED_SWIFT_STANDARD_LIBRARIES = YES;
				CODE_SIGN_STYLE = Automatic;
				CURRENT_PROJECT_VERSION = 1;
				DEVELOPMENT_TEAM = 87ZRJ8XRRM;
				GENERATE_INFOPLIST_FILE = YES;
				MARKETING_VERSION = 1.0;
				PRODUCT_BUNDLE_IDENTIFIER = com.example.AppleMusicMVVMSwiftUIUITests;
				PRODUCT_NAME = "$(TARGET_NAME)";
				SWIFT_EMIT_LOC_STRINGS = NO;
				SWIFT_VERSION = 5.0;
				TARGETED_DEVICE_FAMILY = "1,2";
				TEST_TARGET_NAME = AppleMusicMVVMSwiftUI;
			};
			name = Debug;
		};
		27CA1F4A2919786800A795BA /* Release */ = {
			isa = XCBuildConfiguration;
			buildSettings = {
				ALWAYS_EMBED_SWIFT_STANDARD_LIBRARIES = YES;
				CODE_SIGN_STYLE = Automatic;
				CURRENT_PROJECT_VERSION = 1;
				DEVELOPMENT_TEAM = 87ZRJ8XRRM;
				GENERATE_INFOPLIST_FILE = YES;
				MARKETING_VERSION = 1.0;
				PRODUCT_BUNDLE_IDENTIFIER = com.example.AppleMusicMVVMSwiftUIUITests;
				PRODUCT_NAME = "$(TARGET_NAME)";
				SWIFT_EMIT_LOC_STRINGS = NO;
				SWIFT_VERSION = 5.0;
				TARGETED_DEVICE_FAMILY = "1,2";
				TEST_TARGET_NAME = AppleMusicMVVMSwiftUI;
			};
			name = Release;
		};
/* End XCBuildConfiguration section */

/* Begin XCConfigurationList section */
		27CA1F192919786700A795BA /* Build configuration list for PBXProject "AppleMusicMVVMSwiftUI" */ = {
			isa = XCConfigurationList;
			buildConfigurations = (
				27CA1F402919786800A795BA /* Debug */,
				27CA1F412919786800A795BA /* Release */,
			);
			defaultConfigurationIsVisible = 0;
			defaultConfigurationName = Release;
		};
		27CA1F422919786800A795BA /* Build configuration list for PBXNativeTarget "AppleMusicMVVMSwiftUI" */ = {
			isa = XCConfigurationList;
			buildConfigurations = (
				27CA1F432919786800A795BA /* Debug */,
				27CA1F442919786800A795BA /* Release */,
			);
			defaultConfigurationIsVisible = 0;
			defaultConfigurationName = Release;
		};
		27CA1F452919786800A795BA /* Build configuration list for PBXNativeTarget "AppleMusicMVVMSwiftUITests" */ = {
			isa = XCConfigurationList;
			buildConfigurations = (
				27CA1F462919786800A795BA /* Debug */,
				27CA1F472919786800A795BA /* Release */,
			);
			defaultConfigurationIsVisible = 0;
			defaultConfigurationName = Release;
		};
		27CA1F482919786800A795BA /* Build configuration list for PBXNativeTarget "AppleMusicMVVMSwiftUIUITests" */ = {
			isa = XCConfigurationList;
			buildConfigurations = (
				27CA1F492919786800A795BA /* Debug */,
				27CA1F4A2919786800A795BA /* Release */,
			);
			defaultConfigurationIsVisible = 0;
			defaultConfigurationName = Release;
		};
/* End XCConfigurationList section */
	};
	rootObject = 27CA1F162919786700A795BA /* Project object */;
}
